
Microsoft Visual Studio Solution File, Format Version 11.00
# Visual Studio 2010
Project("{FAE04EC0-301F-11D3-BF4B-00C04F79EFBC}") = "Assembly-CSharp", "Assembly-CSharp.csproj", "{9AE725A5-5A96-627F-3892-29EF10A75472}"
EndProject
Global
	GlobalSection(SolutionConfigurationPlatforms) = preSolution
		Debug|Any CPU = Debug|Any CPU
		Release|Any CPU = Release|Any CPU
	EndGlobalSection
	GlobalSection(ProjectConfigurationPlatforms) = postSolution
		{9AE725A5-5A96-627F-3892-29EF10A75472}.Debug|Any CPU.ActiveCfg = Debug|Any CPU
		{9AE725A5-5A96-627F-3892-29EF10A75472}.Debug|Any CPU.Build.0 = Debug|Any CPU
		{9AE725A5-5A96-627F-3892-29EF10A75472}.Release|Any CPU.ActiveCfg = Release|Any CPU
		{9AE725A5-5A96-627F-3892-29EF10A75472}.Release|Any CPU.Build.0 = Release|Any CPU
	EndGlobalSection
	GlobalSection(SolutionProperties) = preSolution
		HideSolutionNode = FALSE
	EndGlobalSection
EndGlobal
